// !$*UTF8*$!
{
	archiveVersion = 1;
	classes = {
	};
	objectVersion = 50;
	objects = {

/* Begin PBXBuildFile section */
		2622BE072147750700813C04 /* UIImagePickerController+Extension.swift in Sources */ = {isa = PBXBuildFile; fileRef = 2622BE062147750600813C04 /* UIImagePickerController+Extension.swift */; };
		26247C12212D9A23001E5A0C /* UIColorExtensions.swift in Sources */ = {isa = PBXBuildFile; fileRef = 26247C11212D9A23001E5A0C /* UIColorExtensions.swift */; };
		26247C15212D9B16001E5A0C /* UIConstants.swift in Sources */ = {isa = PBXBuildFile; fileRef = 26247C14212D9B16001E5A0C /* UIConstants.swift */; };
		264C31BC213D4E700063DFFD /* Log.framework in Frameworks */ = {isa = PBXBuildFile; fileRef = 264C31B3213D4E700063DFFD /* Log.framework */; };
		264C31C3213D4E710063DFFD /* LogTests.swift in Sources */ = {isa = PBXBuildFile; fileRef = 264C31C2213D4E710063DFFD /* LogTests.swift */; };
		264C31C5213D4E710063DFFD /* Log.h in Headers */ = {isa = PBXBuildFile; fileRef = 264C31B5213D4E700063DFFD /* Log.h */; settings = {ATTRIBUTES = (Public, ); }; };
		264C31C8213D4E710063DFFD /* Log.framework in Frameworks */ = {isa = PBXBuildFile; fileRef = 264C31B3213D4E700063DFFD /* Log.framework */; };
		264C31C9213D4E710063DFFD /* Log.framework in Embed Frameworks */ = {isa = PBXBuildFile; fileRef = 264C31B3213D4E700063DFFD /* Log.framework */; settings = {ATTRIBUTES = (CodeSignOnCopy, RemoveHeadersOnCopy, ); }; };
		264C31D3213D4E9E0063DFFD /* Logger.swift in Sources */ = {isa = PBXBuildFile; fileRef = 264C31D0213D4E9E0063DFFD /* Logger.swift */; };
		264C31D4213D4E9E0063DFFD /* Formatter.swift in Sources */ = {isa = PBXBuildFile; fileRef = 264C31D1213D4E9E0063DFFD /* Formatter.swift */; };
		264C31D5213D4E9E0063DFFD /* Handler.swift in Sources */ = {isa = PBXBuildFile; fileRef = 264C31D2213D4E9E0063DFFD /* Handler.swift */; };
		264C31D7213D4ECE0063DFFD /* LoggingTests.swift in Sources */ = {isa = PBXBuildFile; fileRef = 264C31D6213D4ECE0063DFFD /* LoggingTests.swift */; };
		264C31D9213E28910063DFFD /* StenographyTestCase.swift in Sources */ = {isa = PBXBuildFile; fileRef = 264C31D8213E28910063DFFD /* StenographyTestCase.swift */; };
		266D2314212C1A1B00157BCB /* DashboardViewController.swift in Sources */ = {isa = PBXBuildFile; fileRef = 266D2313212C1A1B00157BCB /* DashboardViewController.swift */; };
		266D2316212C1A3100157BCB /* NewFeatureViewController.swift in Sources */ = {isa = PBXBuildFile; fileRef = 266D2315212C1A3100157BCB /* NewFeatureViewController.swift */; };
		266D231B212C222900157BCB /* HomeViewController.swift in Sources */ = {isa = PBXBuildFile; fileRef = 266D231A212C222900157BCB /* HomeViewController.swift */; };
		266D231D212C225300157BCB /* FunViewController.swift in Sources */ = {isa = PBXBuildFile; fileRef = 266D231C212C225300157BCB /* FunViewController.swift */; };
		266D231F212C228500157BCB /* MineViewController.swift in Sources */ = {isa = PBXBuildFile; fileRef = 266D231E212C228500157BCB /* MineViewController.swift */; };
		266D2324212C467900157BCB /* GifImage.swift in Sources */ = {isa = PBXBuildFile; fileRef = 266D2321212C467800157BCB /* GifImage.swift */; };
		266D2325212C467900157BCB /* PageControl.swift in Sources */ = {isa = PBXBuildFile; fileRef = 266D2322212C467800157BCB /* PageControl.swift */; };
		266D2326212C467900157BCB /* GuidePageView.swift in Sources */ = {isa = PBXBuildFile; fileRef = 266D2323212C467800157BCB /* GuidePageView.swift */; };
		266D2331212C492D00157BCB /* guideImage2.jpg in Resources */ = {isa = PBXBuildFile; fileRef = 266D2329212C492D00157BCB /* guideImage2.jpg */; };
		266D2332212C492D00157BCB /* guideImage3.jpg in Resources */ = {isa = PBXBuildFile; fileRef = 266D232A212C492D00157BCB /* guideImage3.jpg */; };
		266D2333212C492D00157BCB /* guideImage4.jpg in Resources */ = {isa = PBXBuildFile; fileRef = 266D232B212C492D00157BCB /* guideImage4.jpg */; };
		266D2334212C492D00157BCB /* Image7.gif in Resources */ = {isa = PBXBuildFile; fileRef = 266D232C212C492D00157BCB /* Image7.gif */; };
		266D2335212C492D00157BCB /* Image6.gif in Resources */ = {isa = PBXBuildFile; fileRef = 266D232D212C492D00157BCB /* Image6.gif */; };
		266D2336212C492D00157BCB /* home.png in Resources */ = {isa = PBXBuildFile; fileRef = 266D232E212C492D00157BCB /* home.png */; };
		266D2337212C492D00157BCB /* video.mp4 in Resources */ = {isa = PBXBuildFile; fileRef = 266D232F212C492D00157BCB /* video.mp4 */; };
		266D2338212C492D00157BCB /* Image8.gif in Resources */ = {isa = PBXBuildFile; fileRef = 266D2330212C492D00157BCB /* Image8.gif */; };
		266D233E212D44F100157BCB /* ThemeManager.swift in Sources */ = {isa = PBXBuildFile; fileRef = 266D233A212D44F100157BCB /* ThemeManager.swift */; };
		266D233F212D44F100157BCB /* DarkTheme.swift in Sources */ = {isa = PBXBuildFile; fileRef = 266D233B212D44F100157BCB /* DarkTheme.swift */; };
		266D2340212D44F100157BCB /* ThemedWidgets.swift in Sources */ = {isa = PBXBuildFile; fileRef = 266D233C212D44F100157BCB /* ThemedWidgets.swift */; };
		266D2341212D44F100157BCB /* Theme.swift in Sources */ = {isa = PBXBuildFile; fileRef = 266D233D212D44F100157BCB /* Theme.swift */; };
		266D2344212D470700157BCB /* photon-colors.swift in Sources */ = {isa = PBXBuildFile; fileRef = 266D2343212D470700157BCB /* photon-colors.swift */; };
		26720A92214280E1006BDE1A /* UIColor+extension.swift in Sources */ = {isa = PBXBuildFile; fileRef = 26720A7C214280E0006BDE1A /* UIColor+extension.swift */; };
		26720A93214280E1006BDE1A /* UIImage+extension.swift in Sources */ = {isa = PBXBuildFile; fileRef = 26720A7D214280E0006BDE1A /* UIImage+extension.swift */; };
		26720A94214280E1006BDE1A /* UIViewController+extension.swift in Sources */ = {isa = PBXBuildFile; fileRef = 26720A7E214280E0006BDE1A /* UIViewController+extension.swift */; };
		26720A95214280E1006BDE1A /* AlbumListController.swift in Sources */ = {isa = PBXBuildFile; fileRef = 26720A7F214280E0006BDE1A /* AlbumListController.swift */; };
		26720A96214280E1006BDE1A /* AlbumDetailController.swift in Sources */ = {isa = PBXBuildFile; fileRef = 26720A80214280E0006BDE1A /* AlbumDetailController.swift */; };
		26720A97214280E1006BDE1A /* AlbumListViewModel.swift in Sources */ = {isa = PBXBuildFile; fileRef = 26720A82214280E0006BDE1A /* AlbumListViewModel.swift */; };
		26720A98214280E1006BDE1A /* AlbumAsset.xcassets in Resources */ = {isa = PBXBuildFile; fileRef = 26720A83214280E0006BDE1A /* AlbumAsset.xcassets */; };
		26720A99214280E1006BDE1A /* AlbumDetailCollectionViewCell.xib in Resources */ = {isa = PBXBuildFile; fileRef = 26720A85214280E0006BDE1A /* AlbumDetailCollectionViewCell.xib */; };
		26720A9A214280E1006BDE1A /* AlbumSelectCountPanView.swift in Sources */ = {isa = PBXBuildFile; fileRef = 26720A86214280E0006BDE1A /* AlbumSelectCountPanView.swift */; };
		26720A9B214280E1006BDE1A /* AlbumListCollectionCell.swift in Sources */ = {isa = PBXBuildFile; fileRef = 26720A87214280E0006BDE1A /* AlbumListCollectionCell.swift */; };
		26720A9C214280E1006BDE1A /* NoDataOverlayerView.swift in Sources */ = {isa = PBXBuildFile; fileRef = 26720A88214280E0006BDE1A /* NoDataOverlayerView.swift */; };
		26720A9D214280E1006BDE1A /* AlbumHomeCell.swift in Sources */ = {isa = PBXBuildFile; fileRef = 26720A89214280E0006BDE1A /* AlbumHomeCell.swift */; };
		26720A9E214280E1006BDE1A /* OverlayerView.swift in Sources */ = {isa = PBXBuildFile; fileRef = 26720A8A214280E0006BDE1A /* OverlayerView.swift */; };
		26720A9F214280E1006BDE1A /* AlbumHomeCell.xib in Resources */ = {isa = PBXBuildFile; fileRef = 26720A8B214280E0006BDE1A /* AlbumHomeCell.xib */; };
		26720AA0214280E1006BDE1A /* LimitRightsOverlayerView.xib in Resources */ = {isa = PBXBuildFile; fileRef = 26720A8C214280E0006BDE1A /* LimitRightsOverlayerView.xib */; };
		26720AA1214280E1006BDE1A /* AlbumDetailCollectionViewCell.swift in Sources */ = {isa = PBXBuildFile; fileRef = 26720A8D214280E0006BDE1A /* AlbumDetailCollectionViewCell.swift */; };
		26720AA2214280E1006BDE1A /* AlbumListCollectionCell.xib in Resources */ = {isa = PBXBuildFile; fileRef = 26720A8E214280E0006BDE1A /* AlbumListCollectionCell.xib */; };
		26720AA3214280E1006BDE1A /* NoDataOverlayerView.xib in Resources */ = {isa = PBXBuildFile; fileRef = 26720A8F214280E0006BDE1A /* NoDataOverlayerView.xib */; };
		26720AA4214280E1006BDE1A /* AlbumSelectCountPanView.xib in Resources */ = {isa = PBXBuildFile; fileRef = 26720A90214280E0006BDE1A /* AlbumSelectCountPanView.xib */; };
		26720AA5214280E1006BDE1A /* LimitRightsOverlayerView.swift in Sources */ = {isa = PBXBuildFile; fileRef = 26720A91214280E0006BDE1A /* LimitRightsOverlayerView.swift */; };
		26720AAC2142852E006BDE1A /* AlbumCollection.swift in Sources */ = {isa = PBXBuildFile; fileRef = 26720AA92142852E006BDE1A /* AlbumCollection.swift */; };
		26720AAD2142852E006BDE1A /* AlbumExtension.swift in Sources */ = {isa = PBXBuildFile; fileRef = 26720AAA2142852E006BDE1A /* AlbumExtension.swift */; };
		26720AAE2142852E006BDE1A /* AlbumFile.swift in Sources */ = {isa = PBXBuildFile; fileRef = 26720AAB2142852E006BDE1A /* AlbumFile.swift */; };
		26F7628B212AE706001A8435 /* AppDelegate.swift in Sources */ = {isa = PBXBuildFile; fileRef = 26F7628A212AE706001A8435 /* AppDelegate.swift */; };
		26F7628D212AE706001A8435 /* ViewController.swift in Sources */ = {isa = PBXBuildFile; fileRef = 26F7628C212AE706001A8435 /* ViewController.swift */; };
		26F76290212AE706001A8435 /* Main.storyboard in Resources */ = {isa = PBXBuildFile; fileRef = 26F7628E212AE706001A8435 /* Main.storyboard */; };
		26F76292212AE708001A8435 /* Images.xcassets in Resources */ = {isa = PBXBuildFile; fileRef = 26F76291212AE708001A8435 /* Images.xcassets */; };
		26F76295212AE708001A8435 /* LaunchScreen.storyboard in Resources */ = {isa = PBXBuildFile; fileRef = 26F76293212AE708001A8435 /* LaunchScreen.storyboard */; };
		26F762A0212AE708001A8435 /* DdDdTests.swift in Sources */ = {isa = PBXBuildFile; fileRef = 26F7629F212AE708001A8435 /* DdDdTests.swift */; };
		26F762AB212AE708001A8435 /* DdDdUITests.swift in Sources */ = {isa = PBXBuildFile; fileRef = 26F762AA212AE708001A8435 /* DdDdUITests.swift */; };
		5E5A5E73A70B73B34FDD9BA2 /* Pods_DdDd.framework in Frameworks */ = {isa = PBXBuildFile; fileRef = 0D1F4D68796A687E8AC83264 /* Pods_DdDd.framework */; };
/* End PBXBuildFile section */

/* Begin PBXContainerItemProxy section */
		264C31BD213D4E700063DFFD /* PBXContainerItemProxy */ = {
			isa = PBXContainerItemProxy;
			containerPortal = 26F7627F212AE706001A8435 /* Project object */;
			proxyType = 1;
			remoteGlobalIDString = 264C31B2213D4E700063DFFD;
			remoteInfo = Log;
		};
		264C31BF213D4E700063DFFD /* PBXContainerItemProxy */ = {
			isa = PBXContainerItemProxy;
			containerPortal = 26F7627F212AE706001A8435 /* Project object */;
			proxyType = 1;
			remoteGlobalIDString = 26F76286212AE706001A8435;
			remoteInfo = DdDd;
		};
		264C31C6213D4E710063DFFD /* PBXContainerItemProxy */ = {
			isa = PBXContainerItemProxy;
			containerPortal = 26F7627F212AE706001A8435 /* Project object */;
			proxyType = 1;
			remoteGlobalIDString = 264C31B2213D4E700063DFFD;
			remoteInfo = Log;
		};
		26F7629C212AE708001A8435 /* PBXContainerItemProxy */ = {
			isa = PBXContainerItemProxy;
			containerPortal = 26F7627F212AE706001A8435 /* Project object */;
			proxyType = 1;
			remoteGlobalIDString = 26F76286212AE706001A8435;
			remoteInfo = DdDd;
		};
		26F762A7212AE708001A8435 /* PBXContainerItemProxy */ = {
			isa = PBXContainerItemProxy;
			containerPortal = 26F7627F212AE706001A8435 /* Project object */;
			proxyType = 1;
			remoteGlobalIDString = 26F76286212AE706001A8435;
			remoteInfo = DdDd;
		};
/* End PBXContainerItemProxy section */

/* Begin PBXCopyFilesBuildPhase section */
		266D235B212D4C6800157BCB /* CopyFiles */ = {
			isa = PBXCopyFilesBuildPhase;
			buildActionMask = 2147483647;
			dstPath = "include/$(PRODUCT_NAME)";
			dstSubfolderSpec = 16;
			files = (
			);
			runOnlyForDeploymentPostprocessing = 0;
		};
		266D2383212D4C9F00157BCB /* Embed Frameworks */ = {
			isa = PBXCopyFilesBuildPhase;
			buildActionMask = 2147483647;
			dstPath = "";
			dstSubfolderSpec = 10;
			files = (
				264C31C9213D4E710063DFFD /* Log.framework in Embed Frameworks */,
			);
			name = "Embed Frameworks";
			runOnlyForDeploymentPostprocessing = 0;
		};
/* End PBXCopyFilesBuildPhase section */

/* Begin PBXFileReference section */
		0D1F4D68796A687E8AC83264 /* Pods_DdDd.framework */ = {isa = PBXFileReference; explicitFileType = wrapper.framework; includeInIndex = 0; path = Pods_DdDd.framework; sourceTree = BUILT_PRODUCTS_DIR; };
		2622BE062147750600813C04 /* UIImagePickerController+Extension.swift */ = {isa = PBXFileReference; fileEncoding = 4; lastKnownFileType = sourcecode.swift; path = "UIImagePickerController+Extension.swift"; sourceTree = "<group>"; };
		26247C11212D9A23001E5A0C /* UIColorExtensions.swift */ = {isa = PBXFileReference; fileEncoding = 4; lastKnownFileType = sourcecode.swift; path = UIColorExtensions.swift; sourceTree = "<group>"; };
		26247C14212D9B16001E5A0C /* UIConstants.swift */ = {isa = PBXFileReference; lastKnownFileType = sourcecode.swift; path = UIConstants.swift; sourceTree = "<group>"; };
		264C31B3213D4E700063DFFD /* Log.framework */ = {isa = PBXFileReference; explicitFileType = wrapper.framework; includeInIndex = 0; path = Log.framework; sourceTree = BUILT_PRODUCTS_DIR; };
		264C31B5213D4E700063DFFD /* Log.h */ = {isa = PBXFileReference; lastKnownFileType = sourcecode.c.h; path = Log.h; sourceTree = "<group>"; };
		264C31B6213D4E700063DFFD /* Info.plist */ = {isa = PBXFileReference; lastKnownFileType = text.plist.xml; path = Info.plist; sourceTree = "<group>"; };
		264C31BB213D4E700063DFFD /* LogTests.xctest */ = {isa = PBXFileReference; explicitFileType = wrapper.cfbundle; includeInIndex = 0; path = LogTests.xctest; sourceTree = BUILT_PRODUCTS_DIR; };
		264C31C2213D4E710063DFFD /* LogTests.swift */ = {isa = PBXFileReference; lastKnownFileType = sourcecode.swift; path = LogTests.swift; sourceTree = "<group>"; };
		264C31C4213D4E710063DFFD /* Info.plist */ = {isa = PBXFileReference; lastKnownFileType = text.plist.xml; path = Info.plist; sourceTree = "<group>"; };
		264C31D0213D4E9E0063DFFD /* Logger.swift */ = {isa = PBXFileReference; fileEncoding = 4; lastKnownFileType = sourcecode.swift; path = Logger.swift; sourceTree = "<group>"; };
		264C31D1213D4E9E0063DFFD /* Formatter.swift */ = {isa = PBXFileReference; fileEncoding = 4; lastKnownFileType = sourcecode.swift; path = Formatter.swift; sourceTree = "<group>"; };
		264C31D2213D4E9E0063DFFD /* Handler.swift */ = {isa = PBXFileReference; fileEncoding = 4; lastKnownFileType = sourcecode.swift; path = Handler.swift; sourceTree = "<group>"; };
		264C31D6213D4ECE0063DFFD /* LoggingTests.swift */ = {isa = PBXFileReference; fileEncoding = 4; lastKnownFileType = sourcecode.swift; path = LoggingTests.swift; sourceTree = "<group>"; };
		264C31D8213E28910063DFFD /* StenographyTestCase.swift */ = {isa = PBXFileReference; fileEncoding = 4; lastKnownFileType = sourcecode.swift; path = StenographyTestCase.swift; sourceTree = "<group>"; };
		266D2313212C1A1B00157BCB /* DashboardViewController.swift */ = {isa = PBXFileReference; lastKnownFileType = sourcecode.swift; path = DashboardViewController.swift; sourceTree = "<group>"; };
		266D2315212C1A3100157BCB /* NewFeatureViewController.swift */ = {isa = PBXFileReference; lastKnownFileType = sourcecode.swift; path = NewFeatureViewController.swift; sourceTree = "<group>"; };
		266D231A212C222900157BCB /* HomeViewController.swift */ = {isa = PBXFileReference; lastKnownFileType = sourcecode.swift; path = HomeViewController.swift; sourceTree = "<group>"; };
		266D231C212C225300157BCB /* FunViewController.swift */ = {isa = PBXFileReference; lastKnownFileType = sourcecode.swift; path = FunViewController.swift; sourceTree = "<group>"; };
		266D231E212C228500157BCB /* MineViewController.swift */ = {isa = PBXFileReference; lastKnownFileType = sourcecode.swift; path = MineViewController.swift; sourceTree = "<group>"; };
		266D2321212C467800157BCB /* GifImage.swift */ = {isa = PBXFileReference; fileEncoding = 4; lastKnownFileType = sourcecode.swift; path = GifImage.swift; sourceTree = "<group>"; };
		266D2322212C467800157BCB /* PageControl.swift */ = {isa = PBXFileReference; fileEncoding = 4; lastKnownFileType = sourcecode.swift; path = PageControl.swift; sourceTree = "<group>"; };
		266D2323212C467800157BCB /* GuidePageView.swift */ = {isa = PBXFileReference; fileEncoding = 4; lastKnownFileType = sourcecode.swift; path = GuidePageView.swift; sourceTree = "<group>"; };
		266D2329212C492D00157BCB /* guideImage2.jpg */ = {isa = PBXFileReference; lastKnownFileType = image.jpeg; path = guideImage2.jpg; sourceTree = "<group>"; };
		266D232A212C492D00157BCB /* guideImage3.jpg */ = {isa = PBXFileReference; lastKnownFileType = image.jpeg; path = guideImage3.jpg; sourceTree = "<group>"; };
		266D232B212C492D00157BCB /* guideImage4.jpg */ = {isa = PBXFileReference; lastKnownFileType = image.jpeg; path = guideImage4.jpg; sourceTree = "<group>"; };
		266D232C212C492D00157BCB /* Image7.gif */ = {isa = PBXFileReference; lastKnownFileType = image.gif; path = Image7.gif; sourceTree = "<group>"; };
		266D232D212C492D00157BCB /* Image6.gif */ = {isa = PBXFileReference; lastKnownFileType = image.gif; path = Image6.gif; sourceTree = "<group>"; };
		266D232E212C492D00157BCB /* home.png */ = {isa = PBXFileReference; lastKnownFileType = image.png; path = home.png; sourceTree = "<group>"; };
		266D232F212C492D00157BCB /* video.mp4 */ = {isa = PBXFileReference; lastKnownFileType = file; path = video.mp4; sourceTree = "<group>"; };
		266D2330212C492D00157BCB /* Image8.gif */ = {isa = PBXFileReference; lastKnownFileType = image.gif; path = Image8.gif; sourceTree = "<group>"; };
		266D233A212D44F100157BCB /* ThemeManager.swift */ = {isa = PBXFileReference; fileEncoding = 4; lastKnownFileType = sourcecode.swift; path = ThemeManager.swift; sourceTree = "<group>"; };
		266D233B212D44F100157BCB /* DarkTheme.swift */ = {isa = PBXFileReference; fileEncoding = 4; lastKnownFileType = sourcecode.swift; path = DarkTheme.swift; sourceTree = "<group>"; };
		266D233C212D44F100157BCB /* ThemedWidgets.swift */ = {isa = PBXFileReference; fileEncoding = 4; lastKnownFileType = sourcecode.swift; path = ThemedWidgets.swift; sourceTree = "<group>"; };
		266D233D212D44F100157BCB /* Theme.swift */ = {isa = PBXFileReference; fileEncoding = 4; lastKnownFileType = sourcecode.swift; path = Theme.swift; sourceTree = "<group>"; };
		266D2343212D470700157BCB /* photon-colors.swift */ = {isa = PBXFileReference; fileEncoding = 4; lastKnownFileType = sourcecode.swift; path = "photon-colors.swift"; sourceTree = "<group>"; };
		266D2345212D4A3400157BCB /* README.md */ = {isa = PBXFileReference; lastKnownFileType = net.daringfireball.markdown; path = README.md; sourceTree = "<group>"; };
		266D235D212D4C6800157BCB /* libShared.a */ = {isa = PBXFileReference; explicitFileType = archive.ar; includeInIndex = 0; path = libShared.a; sourceTree = BUILT_PRODUCTS_DIR; };
		26720A7C214280E0006BDE1A /* UIColor+extension.swift */ = {isa = PBXFileReference; fileEncoding = 4; lastKnownFileType = sourcecode.swift; path = "UIColor+extension.swift"; sourceTree = "<group>"; };
		26720A7D214280E0006BDE1A /* UIImage+extension.swift */ = {isa = PBXFileReference; fileEncoding = 4; lastKnownFileType = sourcecode.swift; path = "UIImage+extension.swift"; sourceTree = "<group>"; };
		26720A7E214280E0006BDE1A /* UIViewController+extension.swift */ = {isa = PBXFileReference; fileEncoding = 4; lastKnownFileType = sourcecode.swift; path = "UIViewController+extension.swift"; sourceTree = "<group>"; };
		26720A7F214280E0006BDE1A /* AlbumListController.swift */ = {isa = PBXFileReference; fileEncoding = 4; lastKnownFileType = sourcecode.swift; path = AlbumListController.swift; sourceTree = "<group>"; };
		26720A80214280E0006BDE1A /* AlbumDetailController.swift */ = {isa = PBXFileReference; fileEncoding = 4; lastKnownFileType = sourcecode.swift; path = AlbumDetailController.swift; sourceTree = "<group>"; };
		26720A82214280E0006BDE1A /* AlbumListViewModel.swift */ = {isa = PBXFileReference; fileEncoding = 4; lastKnownFileType = sourcecode.swift; path = AlbumListViewModel.swift; sourceTree = "<group>"; };
		26720A83214280E0006BDE1A /* AlbumAsset.xcassets */ = {isa = PBXFileReference; lastKnownFileType = folder.assetcatalog; path = AlbumAsset.xcassets; sourceTree = "<group>"; };
		26720A85214280E0006BDE1A /* AlbumDetailCollectionViewCell.xib */ = {isa = PBXFileReference; fileEncoding = 4; lastKnownFileType = file.xib; path = AlbumDetailCollectionViewCell.xib; sourceTree = "<group>"; };
		26720A86214280E0006BDE1A /* AlbumSelectCountPanView.swift */ = {isa = PBXFileReference; fileEncoding = 4; lastKnownFileType = sourcecode.swift; path = AlbumSelectCountPanView.swift; sourceTree = "<group>"; };
		26720A87214280E0006BDE1A /* AlbumListCollectionCell.swift */ = {isa = PBXFileReference; fileEncoding = 4; lastKnownFileType = sourcecode.swift; path = AlbumListCollectionCell.swift; sourceTree = "<group>"; };
		26720A88214280E0006BDE1A /* NoDataOverlayerView.swift */ = {isa = PBXFileReference; fileEncoding = 4; lastKnownFileType = sourcecode.swift; path = NoDataOverlayerView.swift; sourceTree = "<group>"; };
		26720A89214280E0006BDE1A /* AlbumHomeCell.swift */ = {isa = PBXFileReference; fileEncoding = 4; lastKnownFileType = sourcecode.swift; path = AlbumHomeCell.swift; sourceTree = "<group>"; };
		26720A8A214280E0006BDE1A /* OverlayerView.swift */ = {isa = PBXFileReference; fileEncoding = 4; lastKnownFileType = sourcecode.swift; path = OverlayerView.swift; sourceTree = "<group>"; };
		26720A8B214280E0006BDE1A /* AlbumHomeCell.xib */ = {isa = PBXFileReference; fileEncoding = 4; lastKnownFileType = file.xib; path = AlbumHomeCell.xib; sourceTree = "<group>"; };
		26720A8C214280E0006BDE1A /* LimitRightsOverlayerView.xib */ = {isa = PBXFileReference; fileEncoding = 4; lastKnownFileType = file.xib; path = LimitRightsOverlayerView.xib; sourceTree = "<group>"; };
		26720A8D214280E0006BDE1A /* AlbumDetailCollectionViewCell.swift */ = {isa = PBXFileReference; fileEncoding = 4; lastKnownFileType = sourcecode.swift; path = AlbumDetailCollectionViewCell.swift; sourceTree = "<group>"; };
		26720A8E214280E0006BDE1A /* AlbumListCollectionCell.xib */ = {isa = PBXFileReference; fileEncoding = 4; lastKnownFileType = file.xib; path = AlbumListCollectionCell.xib; sourceTree = "<group>"; };
		26720A8F214280E0006BDE1A /* NoDataOverlayerView.xib */ = {isa = PBXFileReference; fileEncoding = 4; lastKnownFileType = file.xib; path = NoDataOverlayerView.xib; sourceTree = "<group>"; };
		26720A90214280E0006BDE1A /* AlbumSelectCountPanView.xib */ = {isa = PBXFileReference; fileEncoding = 4; lastKnownFileType = file.xib; path = AlbumSelectCountPanView.xib; sourceTree = "<group>"; };
		26720A91214280E0006BDE1A /* LimitRightsOverlayerView.swift */ = {isa = PBXFileReference; fileEncoding = 4; lastKnownFileType = sourcecode.swift; path = LimitRightsOverlayerView.swift; sourceTree = "<group>"; };
		26720AA72142841C006BDE1A /* PrefixHeader.pch */ = {isa = PBXFileReference; lastKnownFileType = sourcecode.c.h; path = PrefixHeader.pch; sourceTree = "<group>"; };
		26720AA92142852E006BDE1A /* AlbumCollection.swift */ = {isa = PBXFileReference; fileEncoding = 4; lastKnownFileType = sourcecode.swift; path = AlbumCollection.swift; sourceTree = "<group>"; };
		26720AAA2142852E006BDE1A /* AlbumExtension.swift */ = {isa = PBXFileReference; fileEncoding = 4; lastKnownFileType = sourcecode.swift; path = AlbumExtension.swift; sourceTree = "<group>"; };
		26720AAB2142852E006BDE1A /* AlbumFile.swift */ = {isa = PBXFileReference; fileEncoding = 4; lastKnownFileType = sourcecode.swift; path = AlbumFile.swift; sourceTree = "<group>"; };
		26F76287212AE706001A8435 /* DdDd.app */ = {isa = PBXFileReference; explicitFileType = wrapper.application; includeInIndex = 0; path = DdDd.app; sourceTree = BUILT_PRODUCTS_DIR; };
		26F7628A212AE706001A8435 /* AppDelegate.swift */ = {isa = PBXFileReference; lastKnownFileType = sourcecode.swift; path = AppDelegate.swift; sourceTree = "<group>"; };
		26F7628C212AE706001A8435 /* ViewController.swift */ = {isa = PBXFileReference; lastKnownFileType = sourcecode.swift; path = ViewController.swift; sourceTree = "<group>"; };
		26F7628F212AE706001A8435 /* Base */ = {isa = PBXFileReference; lastKnownFileType = file.storyboard; name = Base; path = Base.lproj/Main.storyboard; sourceTree = "<group>"; };
		26F76291212AE708001A8435 /* Images.xcassets */ = {isa = PBXFileReference; lastKnownFileType = folder.assetcatalog; path = Images.xcassets; sourceTree = "<group>"; };
		26F76294212AE708001A8435 /* Base */ = {isa = PBXFileReference; lastKnownFileType = file.storyboard; name = Base; path = Base.lproj/LaunchScreen.storyboard; sourceTree = "<group>"; };
		26F76296212AE708001A8435 /* Info.plist */ = {isa = PBXFileReference; lastKnownFileType = text.plist.xml; path = Info.plist; sourceTree = "<group>"; };
		26F7629B212AE708001A8435 /* DdDdTests.xctest */ = {isa = PBXFileReference; explicitFileType = wrapper.cfbundle; includeInIndex = 0; path = DdDdTests.xctest; sourceTree = BUILT_PRODUCTS_DIR; };
		26F7629F212AE708001A8435 /* DdDdTests.swift */ = {isa = PBXFileReference; lastKnownFileType = sourcecode.swift; path = DdDdTests.swift; sourceTree = "<group>"; };
		26F762A1212AE708001A8435 /* Info.plist */ = {isa = PBXFileReference; lastKnownFileType = text.plist.xml; path = Info.plist; sourceTree = "<group>"; };
		26F762A6212AE708001A8435 /* DdDdUITests.xctest */ = {isa = PBXFileReference; explicitFileType = wrapper.cfbundle; includeInIndex = 0; path = DdDdUITests.xctest; sourceTree = BUILT_PRODUCTS_DIR; };
		26F762AA212AE708001A8435 /* DdDdUITests.swift */ = {isa = PBXFileReference; lastKnownFileType = sourcecode.swift; path = DdDdUITests.swift; sourceTree = "<group>"; };
		26F762AC212AE708001A8435 /* Info.plist */ = {isa = PBXFileReference; lastKnownFileType = text.plist.xml; path = Info.plist; sourceTree = "<group>"; };
		5C0F7BEBB0B3843BCBE8123F /* Pods-DdDd.distribution.xcconfig */ = {isa = PBXFileReference; includeInIndex = 1; lastKnownFileType = text.xcconfig; name = "Pods-DdDd.distribution.xcconfig"; path = "../Pods/Target Support Files/Pods-DdDd/Pods-DdDd.distribution.xcconfig"; sourceTree = "<group>"; };
		7680DBAA2712228F177FCDFE /* Pods-DdDd.debug.xcconfig */ = {isa = PBXFileReference; includeInIndex = 1; lastKnownFileType = text.xcconfig; name = "Pods-DdDd.debug.xcconfig"; path = "../Pods/Target Support Files/Pods-DdDd/Pods-DdDd.debug.xcconfig"; sourceTree = "<group>"; };
		C5F7FCA5AE674237B96C5B81 /* Pods-DdDd.release.xcconfig */ = {isa = PBXFileReference; includeInIndex = 1; lastKnownFileType = text.xcconfig; name = "Pods-DdDd.release.xcconfig"; path = "../Pods/Target Support Files/Pods-DdDd/Pods-DdDd.release.xcconfig"; sourceTree = "<group>"; };
/* End PBXFileReference section */

/* Begin PBXFrameworksBuildPhase section */
		264C31AF213D4E700063DFFD /* Frameworks */ = {
			isa = PBXFrameworksBuildPhase;
			buildActionMask = 2147483647;
			files = (
			);
			runOnlyForDeploymentPostprocessing = 0;
		};
		264C31B8213D4E700063DFFD /* Frameworks */ = {
			isa = PBXFrameworksBuildPhase;
			buildActionMask = 2147483647;
			files = (
				264C31BC213D4E700063DFFD /* Log.framework in Frameworks */,
			);
			runOnlyForDeploymentPostprocessing = 0;
		};
		266D235A212D4C6800157BCB /* Frameworks */ = {
			isa = PBXFrameworksBuildPhase;
			buildActionMask = 2147483647;
			files = (
			);
			runOnlyForDeploymentPostprocessing = 0;
		};
		26F76284212AE706001A8435 /* Frameworks */ = {
			isa = PBXFrameworksBuildPhase;
			buildActionMask = 2147483647;
			files = (
				5E5A5E73A70B73B34FDD9BA2 /* Pods_DdDd.framework in Frameworks */,
				264C31C8213D4E710063DFFD /* Log.framework in Frameworks */,
			);
			runOnlyForDeploymentPostprocessing = 0;
		};
		26F76298212AE708001A8435 /* Frameworks */ = {
			isa = PBXFrameworksBuildPhase;
			buildActionMask = 2147483647;
			files = (
			);
			runOnlyForDeploymentPostprocessing = 0;
		};
		26F762A3212AE708001A8435 /* Frameworks */ = {
			isa = PBXFrameworksBuildPhase;
			buildActionMask = 2147483647;
			files = (
			);
			runOnlyForDeploymentPostprocessing = 0;
		};
/* End PBXFrameworksBuildPhase section */

/* Begin PBXGroup section */
		050EBEB3133111E6F2F33D8C /* Frameworks */ = {
			isa = PBXGroup;
			children = (
				0D1F4D68796A687E8AC83264 /* Pods_DdDd.framework */,
			);
			name = Frameworks;
			sourceTree = "<group>";
		};
		26247C0C212D98F9001E5A0C /* Base */ = {
			isa = PBXGroup;
			children = (
			);
			path = Base;
			sourceTree = "<group>";
		};
		26247C13212D9ACC001E5A0C /* UIConstants */ = {
			isa = PBXGroup;
			children = (
				26247C14212D9B16001E5A0C /* UIConstants.swift */,
			);
			path = UIConstants;
			sourceTree = "<group>";
		};
		264C31AB213D354F0063DFFD /* docs */ = {
			isa = PBXGroup;
			children = (
				266D2345212D4A3400157BCB /* README.md */,
			);
			path = docs;
			sourceTree = "<group>";
		};
		264C31B4213D4E700063DFFD /* Log */ = {
			isa = PBXGroup;
			children = (
				264C31B5213D4E700063DFFD /* Log.h */,
				264C31D1213D4E9E0063DFFD /* Formatter.swift */,
				264C31D2213D4E9E0063DFFD /* Handler.swift */,
				264C31D0213D4E9E0063DFFD /* Logger.swift */,
				264C31B6213D4E700063DFFD /* Info.plist */,
			);
			path = Log;
			sourceTree = "<group>";
		};
		264C31C1213D4E710063DFFD /* LogTests */ = {
			isa = PBXGroup;
			children = (
				264C31D8213E28910063DFFD /* StenographyTestCase.swift */,
				264C31C2213D4E710063DFFD /* LogTests.swift */,
				264C31D6213D4ECE0063DFFD /* LoggingTests.swift */,
				264C31C4213D4E710063DFFD /* Info.plist */,
			);
			path = LogTests;
			sourceTree = "<group>";
		};
		266D2312212C175200157BCB /* Dashboard */ = {
			isa = PBXGroup;
			children = (
				266D2313212C1A1B00157BCB /* DashboardViewController.swift */,
				266D2315212C1A3100157BCB /* NewFeatureViewController.swift */,
			);
			path = Dashboard;
			sourceTree = "<group>";
		};
		266D2317212C220700157BCB /* Home */ = {
			isa = PBXGroup;
			children = (
				266D231A212C222900157BCB /* HomeViewController.swift */,
			);
			path = Home;
			sourceTree = "<group>";
		};
		266D2318212C221000157BCB /* Fun */ = {
			isa = PBXGroup;
			children = (
				266D231C212C225300157BCB /* FunViewController.swift */,
			);
			path = Fun;
			sourceTree = "<group>";
		};
		266D2319212C221800157BCB /* Mine */ = {
			isa = PBXGroup;
			children = (
				266D231E212C228500157BCB /* MineViewController.swift */,
			);
			path = Mine;
			sourceTree = "<group>";
		};
		266D2320212C467800157BCB /* GuidePage */ = {
			isa = PBXGroup;
			children = (
				266D2321212C467800157BCB /* GifImage.swift */,
				266D2322212C467800157BCB /* PageControl.swift */,
				266D2323212C467800157BCB /* GuidePageView.swift */,
			);
			path = GuidePage;
			sourceTree = "<group>";
		};
		266D2327212C468400157BCB /* AL(Application Layer) */ = {
			isa = PBXGroup;
			children = (
				26720A7A214280E0006BDE1A /* Album */,
				26247C13212D9ACC001E5A0C /* UIConstants */,
				266D2342212D46FB00157BCB /* Extension */,
				266D2339212D44CB00157BCB /* Theme */,
				26F7628A212AE706001A8435 /* AppDelegate.swift */,
				26F7628C212AE706001A8435 /* ViewController.swift */,
				26F7628E212AE706001A8435 /* Main.storyboard */,
				26F76293212AE708001A8435 /* LaunchScreen.storyboard */,
				266D2320212C467800157BCB /* GuidePage */,
				266D2319212C221800157BCB /* Mine */,
				266D2318212C221000157BCB /* Fun */,
				266D2317212C220700157BCB /* Home */,
				266D2312212C175200157BCB /* Dashboard */,
			);
			path = "AL(Application Layer)";
			sourceTree = "<group>";
		};
		266D2328212C492D00157BCB /* GuideImages */ = {
			isa = PBXGroup;
			children = (
				266D2329212C492D00157BCB /* guideImage2.jpg */,
				266D232A212C492D00157BCB /* guideImage3.jpg */,
				266D232B212C492D00157BCB /* guideImage4.jpg */,
				266D232C212C492D00157BCB /* Image7.gif */,
				266D232D212C492D00157BCB /* Image6.gif */,
				266D232E212C492D00157BCB /* home.png */,
				266D232F212C492D00157BCB /* video.mp4 */,
				266D2330212C492D00157BCB /* Image8.gif */,
			);
			path = GuideImages;
			sourceTree = "<group>";
		};
		266D2339212D44CB00157BCB /* Theme */ = {
			isa = PBXGroup;
			children = (
				266D233A212D44F100157BCB /* ThemeManager.swift */,
				266D233B212D44F100157BCB /* DarkTheme.swift */,
				266D233D212D44F100157BCB /* Theme.swift */,
				266D233C212D44F100157BCB /* ThemedWidgets.swift */,
			);
			path = Theme;
			sourceTree = "<group>";
		};
		266D2342212D46FB00157BCB /* Extension */ = {
			isa = PBXGroup;
			children = (
				2622BE062147750600813C04 /* UIImagePickerController+Extension.swift */,
				26247C11212D9A23001E5A0C /* UIColorExtensions.swift */,
				266D2343212D470700157BCB /* photon-colors.swift */,
			);
			path = Extension;
			sourceTree = "<group>";
		};
		266D2387212D5CA500157BCB /* SL(Service Layer) */ = {
			isa = PBXGroup;
			children = (
				26720AA82142852E006BDE1A /* AlbumCore */,
			);
			path = "SL(Service Layer)";
			sourceTree = "<group>";
		};
		266D2388212D5CC800157BCB /* DAL(Data Access Layer) */ = {
			isa = PBXGroup;
			children = (
			);
			path = "DAL(Data Access Layer)";
			sourceTree = "<group>";
		};
		26720A7A214280E0006BDE1A /* Album */ = {
			isa = PBXGroup;
			children = (
				26720A7B214280E0006BDE1A /* extension */,
				26720A7F214280E0006BDE1A /* AlbumListController.swift */,
				26720A80214280E0006BDE1A /* AlbumDetailController.swift */,
				26720A81214280E0006BDE1A /* model */,
				26720A83214280E0006BDE1A /* AlbumAsset.xcassets */,
				26720A84214280E0006BDE1A /* views */,
			);
			path = Album;
			sourceTree = "<group>";
		};
		26720A7B214280E0006BDE1A /* extension */ = {
			isa = PBXGroup;
			children = (
				26720A7C214280E0006BDE1A /* UIColor+extension.swift */,
				26720A7D214280E0006BDE1A /* UIImage+extension.swift */,
				26720A7E214280E0006BDE1A /* UIViewController+extension.swift */,
			);
			path = extension;
			sourceTree = "<group>";
		};
		26720A81214280E0006BDE1A /* model */ = {
			isa = PBXGroup;
			children = (
				26720A82214280E0006BDE1A /* AlbumListViewModel.swift */,
			);
			path = model;
			sourceTree = "<group>";
		};
		26720A84214280E0006BDE1A /* views */ = {
			isa = PBXGroup;
			children = (
				26720A85214280E0006BDE1A /* AlbumDetailCollectionViewCell.xib */,
				26720A86214280E0006BDE1A /* AlbumSelectCountPanView.swift */,
				26720A87214280E0006BDE1A /* AlbumListCollectionCell.swift */,
				26720A88214280E0006BDE1A /* NoDataOverlayerView.swift */,
				26720A89214280E0006BDE1A /* AlbumHomeCell.swift */,
				26720A8A214280E0006BDE1A /* OverlayerView.swift */,
				26720A8B214280E0006BDE1A /* AlbumHomeCell.xib */,
				26720A8C214280E0006BDE1A /* LimitRightsOverlayerView.xib */,
				26720A8D214280E0006BDE1A /* AlbumDetailCollectionViewCell.swift */,
				26720A8E214280E0006BDE1A /* AlbumListCollectionCell.xib */,
				26720A8F214280E0006BDE1A /* NoDataOverlayerView.xib */,
				26720A90214280E0006BDE1A /* AlbumSelectCountPanView.xib */,
				26720A91214280E0006BDE1A /* LimitRightsOverlayerView.swift */,
			);
			path = views;
			sourceTree = "<group>";
		};
		26720AA6214283F2006BDE1A /* Core */ = {
			isa = PBXGroup;
			children = (
				26720AA72142841C006BDE1A /* PrefixHeader.pch */,
			);
			path = Core;
			sourceTree = "<group>";
		};
		26720AA82142852E006BDE1A /* AlbumCore */ = {
			isa = PBXGroup;
			children = (
				26720AA92142852E006BDE1A /* AlbumCollection.swift */,
				26720AAA2142852E006BDE1A /* AlbumExtension.swift */,
				26720AAB2142852E006BDE1A /* AlbumFile.swift */,
			);
			path = AlbumCore;
			sourceTree = "<group>";
		};
		26F7627E212AE706001A8435 = {
			isa = PBXGroup;
			children = (
				264C31AB213D354F0063DFFD /* docs */,
				26F76289212AE706001A8435 /* DdDd */,
				26F7629E212AE708001A8435 /* DdDdTests */,
				26F762A9212AE708001A8435 /* DdDdUITests */,
				264C31B4213D4E700063DFFD /* Log */,
				264C31C1213D4E710063DFFD /* LogTests */,
				26F76288212AE706001A8435 /* Products */,
				CED1E1A9FA7ABE55E0433444 /* Pods */,
				050EBEB3133111E6F2F33D8C /* Frameworks */,
			);
			sourceTree = "<group>";
		};
		26F76288212AE706001A8435 /* Products */ = {
			isa = PBXGroup;
			children = (
				26F76287212AE706001A8435 /* DdDd.app */,
				26F7629B212AE708001A8435 /* DdDdTests.xctest */,
				26F762A6212AE708001A8435 /* DdDdUITests.xctest */,
				266D235D212D4C6800157BCB /* libShared.a */,
				264C31B3213D4E700063DFFD /* Log.framework */,
				264C31BB213D4E700063DFFD /* LogTests.xctest */,
			);
			name = Products;
			sourceTree = "<group>";
		};
		26F76289212AE706001A8435 /* DdDd */ = {
			isa = PBXGroup;
			children = (
				26720AA6214283F2006BDE1A /* Core */,
				26247C0C212D98F9001E5A0C /* Base */,
				266D2388212D5CC800157BCB /* DAL(Data Access Layer) */,
				266D2387212D5CA500157BCB /* SL(Service Layer) */,
				266D2327212C468400157BCB /* AL(Application Layer) */,
				26F762BE212AF85B001A8435 /* Assets */,
				26F76296212AE708001A8435 /* Info.plist */,
			);
			path = DdDd;
			sourceTree = "<group>";
		};
		26F7629E212AE708001A8435 /* DdDdTests */ = {
			isa = PBXGroup;
			children = (
				26F7629F212AE708001A8435 /* DdDdTests.swift */,
				26F762A1212AE708001A8435 /* Info.plist */,
			);
			path = DdDdTests;
			sourceTree = "<group>";
		};
		26F762A9212AE708001A8435 /* DdDdUITests */ = {
			isa = PBXGroup;
			children = (
				26F762AA212AE708001A8435 /* DdDdUITests.swift */,
				26F762AC212AE708001A8435 /* Info.plist */,
			);
			path = DdDdUITests;
			sourceTree = "<group>";
		};
		26F762BE212AF85B001A8435 /* Assets */ = {
			isa = PBXGroup;
			children = (
				266D2328212C492D00157BCB /* GuideImages */,
				26F76291212AE708001A8435 /* Images.xcassets */,
			);
			path = Assets;
			sourceTree = "<group>";
		};
		CED1E1A9FA7ABE55E0433444 /* Pods */ = {
			isa = PBXGroup;
			children = (
				7680DBAA2712228F177FCDFE /* Pods-DdDd.debug.xcconfig */,
				C5F7FCA5AE674237B96C5B81 /* Pods-DdDd.release.xcconfig */,
				5C0F7BEBB0B3843BCBE8123F /* Pods-DdDd.distribution.xcconfig */,
			);
			name = Pods;
			sourceTree = "<group>";
		};
/* End PBXGroup section */

/* Begin PBXHeadersBuildPhase section */
		264C31B0213D4E700063DFFD /* Headers */ = {
			isa = PBXHeadersBuildPhase;
			buildActionMask = 2147483647;
			files = (
				264C31C5213D4E710063DFFD /* Log.h in Headers */,
			);
			runOnlyForDeploymentPostprocessing = 0;
		};
/* End PBXHeadersBuildPhase section */

/* Begin PBXNativeTarget section */
		264C31B2213D4E700063DFFD /* Log */ = {
			isa = PBXNativeTarget;
			buildConfigurationList = 264C31CA213D4E710063DFFD /* Build configuration list for PBXNativeTarget "Log" */;
			buildPhases = (
				264C31AE213D4E700063DFFD /* Sources */,
				264C31AF213D4E700063DFFD /* Frameworks */,
				264C31B0213D4E700063DFFD /* Headers */,
				264C31B1213D4E700063DFFD /* Resources */,
			);
			buildRules = (
			);
			dependencies = (
			);
			name = Log;
			productName = Log;
			productReference = 264C31B3213D4E700063DFFD /* Log.framework */;
			productType = "com.apple.product-type.framework";
		};
		264C31BA213D4E700063DFFD /* LogTests */ = {
			isa = PBXNativeTarget;
			buildConfigurationList = 264C31CD213D4E710063DFFD /* Build configuration list for PBXNativeTarget "LogTests" */;
			buildPhases = (
				264C31B7213D4E700063DFFD /* Sources */,
				264C31B8213D4E700063DFFD /* Frameworks */,
				264C31B9213D4E700063DFFD /* Resources */,
			);
			buildRules = (
			);
			dependencies = (
				264C31BE213D4E700063DFFD /* PBXTargetDependency */,
				264C31C0213D4E700063DFFD /* PBXTargetDependency */,
			);
			name = LogTests;
			productName = LogTests;
			productReference = 264C31BB213D4E700063DFFD /* LogTests.xctest */;
			productType = "com.apple.product-type.bundle.unit-test";
		};
		266D235C212D4C6800157BCB /* Shared */ = {
			isa = PBXNativeTarget;
			buildConfigurationList = 266D2361212D4C6900157BCB /* Build configuration list for PBXNativeTarget "Shared" */;
			buildPhases = (
				266D2359212D4C6800157BCB /* Sources */,
				266D235A212D4C6800157BCB /* Frameworks */,
				266D235B212D4C6800157BCB /* CopyFiles */,
			);
			buildRules = (
			);
			dependencies = (
			);
			name = Shared;
			productName = Shared;
			productReference = 266D235D212D4C6800157BCB /* libShared.a */;
			productType = "com.apple.product-type.library.static";
		};
		26F76286212AE706001A8435 /* DdDd */ = {
			isa = PBXNativeTarget;
			buildConfigurationList = 26F762AF212AE708001A8435 /* Build configuration list for PBXNativeTarget "DdDd" */;
			buildPhases = (
				2F39464753EB3990923FEF6D /* [CP] Check Pods Manifest.lock */,
				26F76283212AE706001A8435 /* Sources */,
				26F76284212AE706001A8435 /* Frameworks */,
				26F76285212AE706001A8435 /* Resources */,
				F41426E92FAB2B132506BA98 /* [CP] Embed Pods Frameworks */,
				AB979DDA3767BAC790354842 /* [CP] Copy Pods Resources */,
				266D2383212D4C9F00157BCB /* Embed Frameworks */,
			);
			buildRules = (
			);
			dependencies = (
				264C31C7213D4E710063DFFD /* PBXTargetDependency */,
			);
			name = DdDd;
			productName = DdDd;
			productReference = 26F76287212AE706001A8435 /* DdDd.app */;
			productType = "com.apple.product-type.application";
		};
		26F7629A212AE708001A8435 /* DdDdTests */ = {
			isa = PBXNativeTarget;
			buildConfigurationList = 26F762B2212AE708001A8435 /* Build configuration list for PBXNativeTarget "DdDdTests" */;
			buildPhases = (
				26F76297212AE708001A8435 /* Sources */,
				26F76298212AE708001A8435 /* Frameworks */,
				26F76299212AE708001A8435 /* Resources */,
			);
			buildRules = (
			);
			dependencies = (
				26F7629D212AE708001A8435 /* PBXTargetDependency */,
			);
			name = DdDdTests;
			productName = DdDdTests;
			productReference = 26F7629B212AE708001A8435 /* DdDdTests.xctest */;
			productType = "com.apple.product-type.bundle.unit-test";
		};
		26F762A5212AE708001A8435 /* DdDdUITests */ = {
			isa = PBXNativeTarget;
			buildConfigurationList = 26F762B5212AE708001A8435 /* Build configuration list for PBXNativeTarget "DdDdUITests" */;
			buildPhases = (
				26F762A2212AE708001A8435 /* Sources */,
				26F762A3212AE708001A8435 /* Frameworks */,
				26F762A4212AE708001A8435 /* Resources */,
			);
			buildRules = (
			);
			dependencies = (
				26F762A8212AE708001A8435 /* PBXTargetDependency */,
			);
			name = DdDdUITests;
			productName = DdDdUITests;
			productReference = 26F762A6212AE708001A8435 /* DdDdUITests.xctest */;
			productType = "com.apple.product-type.bundle.ui-testing";
		};
/* End PBXNativeTarget section */

/* Begin PBXProject section */
		26F7627F212AE706001A8435 /* Project object */ = {
			isa = PBXProject;
			attributes = {
				LastSwiftUpdateCheck = 0940;
				LastUpgradeCheck = 0940;
				ORGANIZATIONNAME = wubaolai;
				TargetAttributes = {
					264C31B2213D4E700063DFFD = {
						CreatedOnToolsVersion = 9.4;
					};
					264C31BA213D4E700063DFFD = {
						CreatedOnToolsVersion = 9.4;
						TestTargetID = 26F76286212AE706001A8435;
					};
					266D235C212D4C6800157BCB = {
						CreatedOnToolsVersion = 9.4;
					};
					26F76286212AE706001A8435 = {
						CreatedOnToolsVersion = 9.4;
					};
					26F7629A212AE708001A8435 = {
						CreatedOnToolsVersion = 9.4;
						TestTargetID = 26F76286212AE706001A8435;
					};
					26F762A5212AE708001A8435 = {
						CreatedOnToolsVersion = 9.4;
						TestTargetID = 26F76286212AE706001A8435;
					};
				};
			};
			buildConfigurationList = 26F76282212AE706001A8435 /* Build configuration list for PBXProject "DdDd" */;
			compatibilityVersion = "Xcode 9.3";
			developmentRegion = en;
			hasScannedForEncodings = 0;
			knownRegions = (
				en,
				Base,
			);
			mainGroup = 26F7627E212AE706001A8435;
			productRefGroup = 26F76288212AE706001A8435 /* Products */;
			projectDirPath = "";
			projectRoot = "";
			targets = (
				26F76286212AE706001A8435 /* DdDd */,
				26F7629A212AE708001A8435 /* DdDdTests */,
				26F762A5212AE708001A8435 /* DdDdUITests */,
				266D235C212D4C6800157BCB /* Shared */,
				264C31B2213D4E700063DFFD /* Log */,
				264C31BA213D4E700063DFFD /* LogTests */,
			);
		};
/* End PBXProject section */

/* Begin PBXResourcesBuildPhase section */
		264C31B1213D4E700063DFFD /* Resources */ = {
			isa = PBXResourcesBuildPhase;
			buildActionMask = 2147483647;
			files = (
			);
			runOnlyForDeploymentPostprocessing = 0;
		};
		264C31B9213D4E700063DFFD /* Resources */ = {
			isa = PBXResourcesBuildPhase;
			buildActionMask = 2147483647;
			files = (
			);
			runOnlyForDeploymentPostprocessing = 0;
		};
		26F76285212AE706001A8435 /* Resources */ = {
			isa = PBXResourcesBuildPhase;
			buildActionMask = 2147483647;
			files = (
				26720AA4214280E1006BDE1A /* AlbumSelectCountPanView.xib in Resources */,
				26720A99214280E1006BDE1A /* AlbumDetailCollectionViewCell.xib in Resources */,
				26F76295212AE708001A8435 /* LaunchScreen.storyboard in Resources */,
				26720AA0214280E1006BDE1A /* LimitRightsOverlayerView.xib in Resources */,
				266D2337212C492D00157BCB /* video.mp4 in Resources */,
				266D2334212C492D00157BCB /* Image7.gif in Resources */,
				26720AA2214280E1006BDE1A /* AlbumListCollectionCell.xib in Resources */,
				266D2336212C492D00157BCB /* home.png in Resources */,
				26720A98214280E1006BDE1A /* AlbumAsset.xcassets in Resources */,
				26720A9F214280E1006BDE1A /* AlbumHomeCell.xib in Resources */,
				266D2331212C492D00157BCB /* guideImage2.jpg in Resources */,
				26720AA3214280E1006BDE1A /* NoDataOverlayerView.xib in Resources */,
				26F76292212AE708001A8435 /* Images.xcassets in Resources */,
				266D2333212C492D00157BCB /* guideImage4.jpg in Resources */,
				26F76290212AE706001A8435 /* Main.storyboard in Resources */,
				266D2332212C492D00157BCB /* guideImage3.jpg in Resources */,
				266D2338212C492D00157BCB /* Image8.gif in Resources */,
				266D2335212C492D00157BCB /* Image6.gif in Resources */,
			);
			runOnlyForDeploymentPostprocessing = 0;
		};
		26F76299212AE708001A8435 /* Resources */ = {
			isa = PBXResourcesBuildPhase;
			buildActionMask = 2147483647;
			files = (
			);
			runOnlyForDeploymentPostprocessing = 0;
		};
		26F762A4212AE708001A8435 /* Resources */ = {
			isa = PBXResourcesBuildPhase;
			buildActionMask = 2147483647;
			files = (
			);
			runOnlyForDeploymentPostprocessing = 0;
		};
/* End PBXResourcesBuildPhase section */

/* Begin PBXShellScriptBuildPhase section */
		2F39464753EB3990923FEF6D /* [CP] Check Pods Manifest.lock */ = {
			isa = PBXShellScriptBuildPhase;
			buildActionMask = 2147483647;
			files = (
			);
			inputPaths = (
				"${PODS_PODFILE_DIR_PATH}/Podfile.lock",
				"${PODS_ROOT}/Manifest.lock",
			);
			name = "[CP] Check Pods Manifest.lock";
			outputPaths = (
				"$(DERIVED_FILE_DIR)/Pods-DdDd-checkManifestLockResult.txt",
			);
			runOnlyForDeploymentPostprocessing = 0;
			shellPath = /bin/sh;
			shellScript = "diff \"${PODS_PODFILE_DIR_PATH}/Podfile.lock\" \"${PODS_ROOT}/Manifest.lock\" > /dev/null\nif [ $? != 0 ] ; then\n    # print error to STDERR\n    echo \"error: The sandbox is not in sync with the Podfile.lock. Run 'pod install' or update your CocoaPods installation.\" >&2\n    exit 1\nfi\n# This output is used by Xcode 'outputs' to avoid re-running this script phase.\necho \"SUCCESS\" > \"${SCRIPT_OUTPUT_FILE_0}\"\n";
			showEnvVarsInLog = 0;
		};
		AB979DDA3767BAC790354842 /* [CP] Copy Pods Resources */ = {
			isa = PBXShellScriptBuildPhase;
			buildActionMask = 2147483647;
			files = (
			);
			inputPaths = (
			);
			name = "[CP] Copy Pods Resources";
			outputPaths = (
			);
			runOnlyForDeploymentPostprocessing = 0;
			shellPath = /bin/sh;
			shellScript = "\"${SRCROOT}/../Pods/Target Support Files/Pods-DdDd/Pods-DdDd-resources.sh\"\n";
			showEnvVarsInLog = 0;
		};
		F41426E92FAB2B132506BA98 /* [CP] Embed Pods Frameworks */ = {
			isa = PBXShellScriptBuildPhase;
			buildActionMask = 2147483647;
			files = (
			);
			inputPaths = (
				"${SRCROOT}/../Pods/Target Support Files/Pods-DdDd/Pods-DdDd-frameworks.sh",
				"${BUILT_PRODUCTS_DIR}/Alamofire/Alamofire.framework",
				"${BUILT_PRODUCTS_DIR}/CryptoSwift/CryptoSwift.framework",
				"${BUILT_PRODUCTS_DIR}/IQKeyboardManagerSwift/IQKeyboardManagerSwift.framework",
				"${BUILT_PRODUCTS_DIR}/ObjcExceptionBridging/ObjcExceptionBridging.framework",
				"${BUILT_PRODUCTS_DIR}/RxAlamofire/RxAlamofire.framework",
				"${BUILT_PRODUCTS_DIR}/RxCocoa/RxCocoa.framework",
				"${BUILT_PRODUCTS_DIR}/RxSwift/RxSwift.framework",
				"${BUILT_PRODUCTS_DIR}/SQLite.swift/SQLite.framework",
				"${BUILT_PRODUCTS_DIR}/SVProgressHUD/SVProgressHUD.framework",
				"${BUILT_PRODUCTS_DIR}/SnapKit/SnapKit.framework",
				"${BUILT_PRODUCTS_DIR}/SwiftMessages/SwiftMessages.framework",
				"${BUILT_PRODUCTS_DIR}/Toast-Swift/Toast_Swift.framework",
				"${BUILT_PRODUCTS_DIR}/XCGLogger/XCGLogger.framework",
			);
			name = "[CP] Embed Pods Frameworks";
			outputPaths = (
				"${TARGET_BUILD_DIR}/${FRAMEWORKS_FOLDER_PATH}/Alamofire.framework",
				"${TARGET_BUILD_DIR}/${FRAMEWORKS_FOLDER_PATH}/CryptoSwift.framework",
				"${TARGET_BUILD_DIR}/${FRAMEWORKS_FOLDER_PATH}/IQKeyboardManagerSwift.framework",
				"${TARGET_BUILD_DIR}/${FRAMEWORKS_FOLDER_PATH}/ObjcExceptionBridging.framework",
				"${TARGET_BUILD_DIR}/${FRAMEWORKS_FOLDER_PATH}/RxAlamofire.framework",
				"${TARGET_BUILD_DIR}/${FRAMEWORKS_FOLDER_PATH}/RxCocoa.framework",
				"${TARGET_BUILD_DIR}/${FRAMEWORKS_FOLDER_PATH}/RxSwift.framework",
				"${TARGET_BUILD_DIR}/${FRAMEWORKS_FOLDER_PATH}/SQLite.framework",
				"${TARGET_BUILD_DIR}/${FRAMEWORKS_FOLDER_PATH}/SVProgressHUD.framework",
				"${TARGET_BUILD_DIR}/${FRAMEWORKS_FOLDER_PATH}/SnapKit.framework",
				"${TARGET_BUILD_DIR}/${FRAMEWORKS_FOLDER_PATH}/SwiftMessages.framework",
				"${TARGET_BUILD_DIR}/${FRAMEWORKS_FOLDER_PATH}/Toast_Swift.framework",
				"${TARGET_BUILD_DIR}/${FRAMEWORKS_FOLDER_PATH}/XCGLogger.framework",
			);
			runOnlyForDeploymentPostprocessing = 0;
			shellPath = /bin/sh;
			shellScript = "\"${SRCROOT}/../Pods/Target Support Files/Pods-DdDd/Pods-DdDd-frameworks.sh\"\n";
			showEnvVarsInLog = 0;
		};
/* End PBXShellScriptBuildPhase section */

/* Begin PBXSourcesBuildPhase section */
		264C31AE213D4E700063DFFD /* Sources */ = {
			isa = PBXSourcesBuildPhase;
			buildActionMask = 2147483647;
			files = (
				264C31D5213D4E9E0063DFFD /* Handler.swift in Sources */,
				264C31D4213D4E9E0063DFFD /* Formatter.swift in Sources */,
				264C31D3213D4E9E0063DFFD /* Logger.swift in Sources */,
			);
			runOnlyForDeploymentPostprocessing = 0;
		};
		264C31B7213D4E700063DFFD /* Sources */ = {
			isa = PBXSourcesBuildPhase;
			buildActionMask = 2147483647;
			files = (
				264C31C3213D4E710063DFFD /* LogTests.swift in Sources */,
				264C31D9213E28910063DFFD /* StenographyTestCase.swift in Sources */,
				264C31D7213D4ECE0063DFFD /* LoggingTests.swift in Sources */,
			);
			runOnlyForDeploymentPostprocessing = 0;
		};
		266D2359212D4C6800157BCB /* Sources */ = {
			isa = PBXSourcesBuildPhase;
			buildActionMask = 2147483647;
			files = (
			);
			runOnlyForDeploymentPostprocessing = 0;
		};
		26F76283212AE706001A8435 /* Sources */ = {
			isa = PBXSourcesBuildPhase;
			buildActionMask = 2147483647;
			files = (
				266D231B212C222900157BCB /* HomeViewController.swift in Sources */,
				26F7628D212AE706001A8435 /* ViewController.swift in Sources */,
				26720A96214280E1006BDE1A /* AlbumDetailController.swift in Sources */,
				266D2340212D44F100157BCB /* ThemedWidgets.swift in Sources */,
				26720A9B214280E1006BDE1A /* AlbumListCollectionCell.swift in Sources */,
				2622BE072147750700813C04 /* UIImagePickerController+Extension.swift in Sources */,
				26720A9A214280E1006BDE1A /* AlbumSelectCountPanView.swift in Sources */,
				26720A92214280E1006BDE1A /* UIColor+extension.swift in Sources */,
				26720A9D214280E1006BDE1A /* AlbumHomeCell.swift in Sources */,
				266D2325212C467900157BCB /* PageControl.swift in Sources */,
				266D2324212C467900157BCB /* GifImage.swift in Sources */,
				266D2314212C1A1B00157BCB /* DashboardViewController.swift in Sources */,
				266D231F212C228500157BCB /* MineViewController.swift in Sources */,
				266D2316212C1A3100157BCB /* NewFeatureViewController.swift in Sources */,
				26247C12212D9A23001E5A0C /* UIColorExtensions.swift in Sources */,
				26720A9E214280E1006BDE1A /* OverlayerView.swift in Sources */,
				266D233F212D44F100157BCB /* DarkTheme.swift in Sources */,
				26F7628B212AE706001A8435 /* AppDelegate.swift in Sources */,
				26720A94214280E1006BDE1A /* UIViewController+extension.swift in Sources */,
				26247C15212D9B16001E5A0C /* UIConstants.swift in Sources */,
				266D2326212C467900157BCB /* GuidePageView.swift in Sources */,
				26720A93214280E1006BDE1A /* UIImage+extension.swift in Sources */,
				266D231D212C225300157BCB /* FunViewController.swift in Sources */,
				26720A97214280E1006BDE1A /* AlbumListViewModel.swift in Sources */,
				26720AA5214280E1006BDE1A /* LimitRightsOverlayerView.swift in Sources */,
				26720AAE2142852E006BDE1A /* AlbumFile.swift in Sources */,
				26720AA1214280E1006BDE1A /* AlbumDetailCollectionViewCell.swift in Sources */,
				26720A95214280E1006BDE1A /* AlbumListController.swift in Sources */,
				266D2344212D470700157BCB /* photon-colors.swift in Sources */,
				266D233E212D44F100157BCB /* ThemeManager.swift in Sources */,
				26720AAC2142852E006BDE1A /* AlbumCollection.swift in Sources */,
				26720AAD2142852E006BDE1A /* AlbumExtension.swift in Sources */,
				266D2341212D44F100157BCB /* Theme.swift in Sources */,
				26720A9C214280E1006BDE1A /* NoDataOverlayerView.swift in Sources */,
			);
			runOnlyForDeploymentPostprocessing = 0;
		};
		26F76297212AE708001A8435 /* Sources */ = {
			isa = PBXSourcesBuildPhase;
			buildActionMask = 2147483647;
			files = (
				26F762A0212AE708001A8435 /* DdDdTests.swift in Sources */,
			);
			runOnlyForDeploymentPostprocessing = 0;
		};
		26F762A2212AE708001A8435 /* Sources */ = {
			isa = PBXSourcesBuildPhase;
			buildActionMask = 2147483647;
			files = (
				26F762AB212AE708001A8435 /* DdDdUITests.swift in Sources */,
			);
			runOnlyForDeploymentPostprocessing = 0;
		};
/* End PBXSourcesBuildPhase section */

/* Begin PBXTargetDependency section */
		264C31BE213D4E700063DFFD /* PBXTargetDependency */ = {
			isa = PBXTargetDependency;
			target = 264C31B2213D4E700063DFFD /* Log */;
			targetProxy = 264C31BD213D4E700063DFFD /* PBXContainerItemProxy */;
		};
		264C31C0213D4E700063DFFD /* PBXTargetDependency */ = {
			isa = PBXTargetDependency;
			target = 26F76286212AE706001A8435 /* DdDd */;
			targetProxy = 264C31BF213D4E700063DFFD /* PBXContainerItemProxy */;
		};
		264C31C7213D4E710063DFFD /* PBXTargetDependency */ = {
			isa = PBXTargetDependency;
			target = 264C31B2213D4E700063DFFD /* Log */;
			targetProxy = 264C31C6213D4E710063DFFD /* PBXContainerItemProxy */;
		};
		26F7629D212AE708001A8435 /* PBXTargetDependency */ = {
			isa = PBXTargetDependency;
			target = 26F76286212AE706001A8435 /* DdDd */;
			targetProxy = 26F7629C212AE708001A8435 /* PBXContainerItemProxy */;
		};
		26F762A8212AE708001A8435 /* PBXTargetDependency */ = {
			isa = PBXTargetDependency;
			target = 26F76286212AE706001A8435 /* DdDd */;
			targetProxy = 26F762A7212AE708001A8435 /* PBXContainerItemProxy */;
		};
/* End PBXTargetDependency section */

/* Begin PBXVariantGroup section */
		26F7628E212AE706001A8435 /* Main.storyboard */ = {
			isa = PBXVariantGroup;
			children = (
				26F7628F212AE706001A8435 /* Base */,
			);
			name = Main.storyboard;
			sourceTree = "<group>";
		};
		26F76293212AE708001A8435 /* LaunchScreen.storyboard */ = {
			isa = PBXVariantGroup;
			children = (
				26F76294212AE708001A8435 /* Base */,
			);
			name = LaunchScreen.storyboard;
			sourceTree = "<group>";
		};
/* End PBXVariantGroup section */

/* Begin XCBuildConfiguration section */
		264C31CB213D4E710063DFFD /* Debug */ = {
			isa = XCBuildConfiguration;
			buildSettings = {
				CODE_SIGN_IDENTITY = "";
				CODE_SIGN_STYLE = Automatic;
				CURRENT_PROJECT_VERSION = 1;
				DEFINES_MODULE = YES;
				DEVELOPMENT_TEAM = 6BQ9D3YQW4;
				DYLIB_COMPATIBILITY_VERSION = 1;
				DYLIB_CURRENT_VERSION = 1;
				DYLIB_INSTALL_NAME_BASE = "@rpath";
				INFOPLIST_FILE = Log/Info.plist;
				INSTALL_PATH = "$(LOCAL_LIBRARY_DIR)/Frameworks";
				IPHONEOS_DEPLOYMENT_TARGET = 8.0;
				LD_RUNPATH_SEARCH_PATHS = (
					"$(inherited)",
					"@executable_path/Frameworks",
					"@loader_path/Frameworks",
				);
				PRODUCT_BUNDLE_IDENTIFIER = dd.Log;
				PRODUCT_NAME = "$(TARGET_NAME:c99extidentifier)";
				SKIP_INSTALL = YES;
				SWIFT_VERSION = 4.0;
				TARGETED_DEVICE_FAMILY = "1,2";
				VERSIONING_SYSTEM = "apple-generic";
				VERSION_INFO_PREFIX = "";
			};
			name = Debug;
		};
		264C31CC213D4E710063DFFD /* Release */ = {
			isa = XCBuildConfiguration;
			buildSettings = {
				CODE_SIGN_IDENTITY = "";
				CODE_SIGN_STYLE = Automatic;
				CURRENT_PROJECT_VERSION = 1;
				DEFINES_MODULE = YES;
				DEVELOPMENT_TEAM = 6BQ9D3YQW4;
				DYLIB_COMPATIBILITY_VERSION = 1;
				DYLIB_CURRENT_VERSION = 1;
				DYLIB_INSTALL_NAME_BASE = "@rpath";
				INFOPLIST_FILE = Log/Info.plist;
				INSTALL_PATH = "$(LOCAL_LIBRARY_DIR)/Frameworks";
				IPHONEOS_DEPLOYMENT_TARGET = 8.0;
				LD_RUNPATH_SEARCH_PATHS = (
					"$(inherited)",
					"@executable_path/Frameworks",
					"@loader_path/Frameworks",
				);
				PRODUCT_BUNDLE_IDENTIFIER = dd.Log;
				PRODUCT_NAME = "$(TARGET_NAME:c99extidentifier)";
				SKIP_INSTALL = YES;
				SWIFT_VERSION = 4.0;
				TARGETED_DEVICE_FAMILY = "1,2";
				VERSIONING_SYSTEM = "apple-generic";
				VERSION_INFO_PREFIX = "";
			};
			name = Release;
		};
		264C31CE213D4E710063DFFD /* Debug */ = {
			isa = XCBuildConfiguration;
			buildSettings = {
				ALWAYS_EMBED_SWIFT_STANDARD_LIBRARIES = YES;
				CODE_SIGN_STYLE = Automatic;
				INFOPLIST_FILE = LogTests/Info.plist;
				LD_RUNPATH_SEARCH_PATHS = (
					"$(inherited)",
					"@executable_path/Frameworks",
					"@loader_path/Frameworks",
				);
				PRODUCT_BUNDLE_IDENTIFIER = dd.LogTests;
				PRODUCT_NAME = "$(TARGET_NAME)";
				SWIFT_VERSION = 4.0;
				TARGETED_DEVICE_FAMILY = "1,2";
				TEST_HOST = "$(BUILT_PRODUCTS_DIR)/DdDd.app/DdDd";
			};
			name = Debug;
		};
		264C31CF213D4E710063DFFD /* Release */ = {
			isa = XCBuildConfiguration;
			buildSettings = {
				ALWAYS_EMBED_SWIFT_STANDARD_LIBRARIES = YES;
				CODE_SIGN_STYLE = Automatic;
				INFOPLIST_FILE = LogTests/Info.plist;
				LD_RUNPATH_SEARCH_PATHS = (
					"$(inherited)",
					"@executable_path/Frameworks",
					"@loader_path/Frameworks",
				);
				PRODUCT_BUNDLE_IDENTIFIER = dd.LogTests;
				PRODUCT_NAME = "$(TARGET_NAME)";
				SWIFT_VERSION = 4.0;
				TARGETED_DEVICE_FAMILY = "1,2";
				TEST_HOST = "$(BUILT_PRODUCTS_DIR)/DdDd.app/DdDd";
			};
			name = Release;
		};
		266D2362212D4C6900157BCB /* Debug */ = {
			isa = XCBuildConfiguration;
			buildSettings = {
				CODE_SIGN_STYLE = Automatic;
				OTHER_LDFLAGS = "-ObjC";
				PRODUCT_NAME = "$(TARGET_NAME)";
				SKIP_INSTALL = YES;
				SWIFT_VERSION = 4.0;
				TARGETED_DEVICE_FAMILY = "1,2";
			};
			name = Debug;
		};
		266D2363212D4C6900157BCB /* Release */ = {
			isa = XCBuildConfiguration;
			buildSettings = {
				CODE_SIGN_STYLE = Automatic;
				OTHER_LDFLAGS = "-ObjC";
				PRODUCT_NAME = "$(TARGET_NAME)";
				SKIP_INSTALL = YES;
				SWIFT_VERSION = 4.0;
				TARGETED_DEVICE_FAMILY = "1,2";
			};
			name = Release;
		};
		26720A7321426B1F006BDE1A /* Distribution */ = {
			isa = XCBuildConfiguration;
			buildSettings = {
				ALWAYS_SEARCH_USER_PATHS = NO;
				CLANG_ANALYZER_NONNULL = YES;
				CLANG_ANALYZER_NUMBER_OBJECT_CONVERSION = YES_AGGRESSIVE;
				CLANG_CXX_LANGUAGE_STANDARD = "gnu++14";
				CLANG_CXX_LIBRARY = "libc++";
				CLANG_ENABLE_MODULES = YES;
				CLANG_ENABLE_OBJC_ARC = YES;
				CLANG_ENABLE_OBJC_WEAK = YES;
				CLANG_WARN_BLOCK_CAPTURE_AUTORELEASING = YES;
				CLANG_WARN_BOOL_CONVERSION = YES;
				CLANG_WARN_COMMA = YES;
				CLANG_WARN_CONSTANT_CONVERSION = YES;
				CLANG_WARN_DEPRECATED_OBJC_IMPLEMENTATIONS = YES;
				CLANG_WARN_DIRECT_OBJC_ISA_USAGE = YES_ERROR;
				CLANG_WARN_DOCUMENTATION_COMMENTS = YES;
				CLANG_WARN_EMPTY_BODY = YES;
				CLANG_WARN_ENUM_CONVERSION = YES;
				CLANG_WARN_INFINITE_RECURSION = YES;
				CLANG_WARN_INT_CONVERSION = YES;
				CLANG_WARN_NON_LITERAL_NULL_CONVERSION = YES;
				CLANG_WARN_OBJC_IMPLICIT_RETAIN_SELF = YES;
				CLANG_WARN_OBJC_LITERAL_CONVERSION = YES;
				CLANG_WARN_OBJC_ROOT_CLASS = YES_ERROR;
				CLANG_WARN_RANGE_LOOP_ANALYSIS = YES;
				CLANG_WARN_STRICT_PROTOTYPES = YES;
				CLANG_WARN_SUSPICIOUS_MOVE = YES;
				CLANG_WARN_UNGUARDED_AVAILABILITY = YES_AGGRESSIVE;
				CLANG_WARN_UNREACHABLE_CODE = YES;
				CLANG_WARN__DUPLICATE_METHOD_MATCH = YES;
				CODE_SIGN_IDENTITY = "iPhone Developer";
				COPY_PHASE_STRIP = NO;
				DEBUG_INFORMATION_FORMAT = "dwarf-with-dsym";
				ENABLE_NS_ASSERTIONS = NO;
				ENABLE_STRICT_OBJC_MSGSEND = YES;
				GCC_C_LANGUAGE_STANDARD = gnu11;
				GCC_NO_COMMON_BLOCKS = YES;
				GCC_PREPROCESSOR_DEFINITIONS = "DISTRIBUTION=1";
				GCC_WARN_64_TO_32_BIT_CONVERSION = YES;
				GCC_WARN_ABOUT_RETURN_TYPE = YES_ERROR;
				GCC_WARN_UNDECLARED_SELECTOR = YES;
				GCC_WARN_UNINITIALIZED_AUTOS = YES_AGGRESSIVE;
				GCC_WARN_UNUSED_FUNCTION = YES;
				GCC_WARN_UNUSED_VARIABLE = YES;
				IPHONEOS_DEPLOYMENT_TARGET = 11.4;
				MTL_ENABLE_DEBUG_INFO = NO;
				SDKROOT = iphoneos;
				SWIFT_COMPILATION_MODE = wholemodule;
				SWIFT_OPTIMIZATION_LEVEL = "-O";
				VALIDATE_PRODUCT = YES;
			};
			name = Distribution;
		};
		26720A7421426B1F006BDE1A /* Distribution */ = {
			isa = XCBuildConfiguration;
			baseConfigurationReference = 5C0F7BEBB0B3843BCBE8123F /* Pods-DdDd.distribution.xcconfig */;
			buildSettings = {
				ALWAYS_EMBED_SWIFT_STANDARD_LIBRARIES = YES;
				ASSETCATALOG_COMPILER_APPICON_NAME = AppIcon;
				CODE_SIGN_STYLE = Automatic;
				DEVELOPMENT_TEAM = 6BQ9D3YQW4;
				GCC_PREFIX_HEADER = /Users/wubaolai/Develop/Study/DdDd/src/DdDd/DdDd/Core/PrefixHeader.pch;
				INFOPLIST_FILE = DdDd/Info.plist;
				IPHONEOS_DEPLOYMENT_TARGET = 11.3;
				LD_RUNPATH_SEARCH_PATHS = (
					"$(inherited)",
					"@executable_path/Frameworks",
				);
				PRODUCT_BUNDLE_IDENTIFIER = dd.DdDd;
				PRODUCT_NAME = "$(TARGET_NAME)";
				SWIFT_VERSION = 4.0;
				TARGETED_DEVICE_FAMILY = "1,2";
			};
			name = Distribution;
		};
		26720A7521426B1F006BDE1A /* Distribution */ = {
			isa = XCBuildConfiguration;
			buildSettings = {
				ALWAYS_EMBED_SWIFT_STANDARD_LIBRARIES = YES;
				BUNDLE_LOADER = "$(TEST_HOST)";
				CODE_SIGN_STYLE = Automatic;
				INFOPLIST_FILE = DdDdTests/Info.plist;
				LD_RUNPATH_SEARCH_PATHS = (
					"$(inherited)",
					"@executable_path/Frameworks",
					"@loader_path/Frameworks",
				);
				PRODUCT_BUNDLE_IDENTIFIER = dd.DdDdTests;
				PRODUCT_NAME = "$(TARGET_NAME)";
				SWIFT_VERSION = 4.0;
				TARGETED_DEVICE_FAMILY = "1,2";
				TEST_HOST = "$(BUILT_PRODUCTS_DIR)/DdDd.app/DdDd";
			};
			name = Distribution;
		};
		26720A7621426B1F006BDE1A /* Distribution */ = {
			isa = XCBuildConfiguration;
			buildSettings = {
				ALWAYS_EMBED_SWIFT_STANDARD_LIBRARIES = YES;
				CODE_SIGN_STYLE = Automatic;
				INFOPLIST_FILE = DdDdUITests/Info.plist;
				LD_RUNPATH_SEARCH_PATHS = (
					"$(inherited)",
					"@executable_path/Frameworks",
					"@loader_path/Frameworks",
				);
				PRODUCT_BUNDLE_IDENTIFIER = dd.DdDdUITests;
				PRODUCT_NAME = "$(TARGET_NAME)";
				SWIFT_VERSION = 4.0;
				TARGETED_DEVICE_FAMILY = "1,2";
				TEST_TARGET_NAME = DdDd;
			};
			name = Distribution;
		};
		26720A7721426B1F006BDE1A /* Distribution */ = {
			isa = XCBuildConfiguration;
			buildSettings = {
				CODE_SIGN_STYLE = Automatic;
				OTHER_LDFLAGS = "-ObjC";
				PRODUCT_NAME = "$(TARGET_NAME)";
				SKIP_INSTALL = YES;
				SWIFT_VERSION = 4.0;
				TARGETED_DEVICE_FAMILY = "1,2";
			};
			name = Distribution;
		};
		26720A7821426B1F006BDE1A /* Distribution */ = {
			isa = XCBuildConfiguration;
			buildSettings = {
				CODE_SIGN_IDENTITY = "";
				CODE_SIGN_STYLE = Automatic;
				CURRENT_PROJECT_VERSION = 1;
				DEFINES_MODULE = YES;
				DEVELOPMENT_TEAM = 6BQ9D3YQW4;
				DYLIB_COMPATIBILITY_VERSION = 1;
				DYLIB_CURRENT_VERSION = 1;
				DYLIB_INSTALL_NAME_BASE = "@rpath";
				INFOPLIST_FILE = Log/Info.plist;
				INSTALL_PATH = "$(LOCAL_LIBRARY_DIR)/Frameworks";
				IPHONEOS_DEPLOYMENT_TARGET = 8.0;
				LD_RUNPATH_SEARCH_PATHS = (
					"$(inherited)",
					"@executable_path/Frameworks",
					"@loader_path/Frameworks",
				);
				PRODUCT_BUNDLE_IDENTIFIER = dd.Log;
				PRODUCT_NAME = "$(TARGET_NAME:c99extidentifier)";
				SKIP_INSTALL = YES;
				SWIFT_VERSION = 4.0;
				TARGETED_DEVICE_FAMILY = "1,2";
				VERSIONING_SYSTEM = "apple-generic";
				VERSION_INFO_PREFIX = "";
			};
			name = Distribution;
		};
		26720A7921426B1F006BDE1A /* Distribution */ = {
			isa = XCBuildConfiguration;
			buildSettings = {
				ALWAYS_EMBED_SWIFT_STANDARD_LIBRARIES = YES;
				CODE_SIGN_STYLE = Automatic;
				INFOPLIST_FILE = LogTests/Info.plist;
				LD_RUNPATH_SEARCH_PATHS = (
					"$(inherited)",
					"@executable_path/Frameworks",
					"@loader_path/Frameworks",
				);
				PRODUCT_BUNDLE_IDENTIFIER = dd.LogTests;
				PRODUCT_NAME = "$(TARGET_NAME)";
				SWIFT_VERSION = 4.0;
				TARGETED_DEVICE_FAMILY = "1,2";
				TEST_HOST = "$(BUILT_PRODUCTS_DIR)/DdDd.app/DdDd";
			};
			name = Distribution;
		};
		26F762AD212AE708001A8435 /* Debug */ = {
			isa = XCBuildConfiguration;
			buildSettings = {
				ALWAYS_SEARCH_USER_PATHS = NO;
				CLANG_ANALYZER_NONNULL = YES;
				CLANG_ANALYZER_NUMBER_OBJECT_CONVERSION = YES_AGGRESSIVE;
				CLANG_CXX_LANGUAGE_STANDARD = "gnu++14";
				CLANG_CXX_LIBRARY = "libc++";
				CLANG_ENABLE_MODULES = YES;
				CLANG_ENABLE_OBJC_ARC = YES;
				CLANG_ENABLE_OBJC_WEAK = YES;
				CLANG_WARN_BLOCK_CAPTURE_AUTORELEASING = YES;
				CLANG_WARN_BOOL_CONVERSION = YES;
				CLANG_WARN_COMMA = YES;
				CLANG_WARN_CONSTANT_CONVERSION = YES;
				CLANG_WARN_DEPRECATED_OBJC_IMPLEMENTATIONS = YES;
				CLANG_WARN_DIRECT_OBJC_ISA_USAGE = YES_ERROR;
				CLANG_WARN_DOCUMENTATION_COMMENTS = YES;
				CLANG_WARN_EMPTY_BODY = YES;
				CLANG_WARN_ENUM_CONVERSION = YES;
				CLANG_WARN_INFINITE_RECURSION = YES;
				CLANG_WARN_INT_CONVERSION = YES;
				CLANG_WARN_NON_LITERAL_NULL_CONVERSION = YES;
				CLANG_WARN_OBJC_IMPLICIT_RETAIN_SELF = YES;
				CLANG_WARN_OBJC_LITERAL_CONVERSION = YES;
				CLANG_WARN_OBJC_ROOT_CLASS = YES_ERROR;
				CLANG_WARN_RANGE_LOOP_ANALYSIS = YES;
				CLANG_WARN_STRICT_PROTOTYPES = YES;
				CLANG_WARN_SUSPICIOUS_MOVE = YES;
				CLANG_WARN_UNGUARDED_AVAILABILITY = YES_AGGRESSIVE;
				CLANG_WARN_UNREACHABLE_CODE = YES;
				CLANG_WARN__DUPLICATE_METHOD_MATCH = YES;
				CODE_SIGN_IDENTITY = "iPhone Developer";
				COPY_PHASE_STRIP = NO;
				DEBUG_INFORMATION_FORMAT = dwarf;
				ENABLE_STRICT_OBJC_MSGSEND = YES;
				ENABLE_TESTABILITY = YES;
				GCC_C_LANGUAGE_STANDARD = gnu11;
				GCC_DYNAMIC_NO_PIC = NO;
				GCC_NO_COMMON_BLOCKS = YES;
				GCC_OPTIMIZATION_LEVEL = 0;
				GCC_PREPROCESSOR_DEFINITIONS = (
					"DEBUG=1",
					"$(inherited)",
				);
				GCC_WARN_64_TO_32_BIT_CONVERSION = YES;
				GCC_WARN_ABOUT_RETURN_TYPE = YES_ERROR;
				GCC_WARN_UNDECLARED_SELECTOR = YES;
				GCC_WARN_UNINITIALIZED_AUTOS = YES_AGGRESSIVE;
				GCC_WARN_UNUSED_FUNCTION = YES;
				GCC_WARN_UNUSED_VARIABLE = YES;
				IPHONEOS_DEPLOYMENT_TARGET = 11.4;
				MTL_ENABLE_DEBUG_INFO = YES;
				ONLY_ACTIVE_ARCH = YES;
				SDKROOT = iphoneos;
				SWIFT_ACTIVE_COMPILATION_CONDITIONS = DEBUG;
				SWIFT_OPTIMIZATION_LEVEL = "-Onone";
			};
			name = Debug;
		};
		26F762AE212AE708001A8435 /* Release */ = {
			isa = XCBuildConfiguration;
			buildSettings = {
				ALWAYS_SEARCH_USER_PATHS = NO;
				CLANG_ANALYZER_NONNULL = YES;
				CLANG_ANALYZER_NUMBER_OBJECT_CONVERSION = YES_AGGRESSIVE;
				CLANG_CXX_LANGUAGE_STANDARD = "gnu++14";
				CLANG_CXX_LIBRARY = "libc++";
				CLANG_ENABLE_MODULES = YES;
				CLANG_ENABLE_OBJC_ARC = YES;
				CLANG_ENABLE_OBJC_WEAK = YES;
				CLANG_WARN_BLOCK_CAPTURE_AUTORELEASING = YES;
				CLANG_WARN_BOOL_CONVERSION = YES;
				CLANG_WARN_COMMA = YES;
				CLANG_WARN_CONSTANT_CONVERSION = YES;
				CLANG_WARN_DEPRECATED_OBJC_IMPLEMENTATIONS = YES;
				CLANG_WARN_DIRECT_OBJC_ISA_USAGE = YES_ERROR;
				CLANG_WARN_DOCUMENTATION_COMMENTS = YES;
				CLANG_WARN_EMPTY_BODY = YES;
				CLANG_WARN_ENUM_CONVERSION = YES;
				CLANG_WARN_INFINITE_RECURSION = YES;
				CLANG_WARN_INT_CONVERSION = YES;
				CLANG_WARN_NON_LITERAL_NULL_CONVERSION = YES;
				CLANG_WARN_OBJC_IMPLICIT_RETAIN_SELF = YES;
				CLANG_WARN_OBJC_LITERAL_CONVERSION = YES;
				CLANG_WARN_OBJC_ROOT_CLASS = YES_ERROR;
				CLANG_WARN_RANGE_LOOP_ANALYSIS = YES;
				CLANG_WARN_STRICT_PROTOTYPES = YES;
				CLANG_WARN_SUSPICIOUS_MOVE = YES;
				CLANG_WARN_UNGUARDED_AVAILABILITY = YES_AGGRESSIVE;
				CLANG_WARN_UNREACHABLE_CODE = YES;
				CLANG_WARN__DUPLICATE_METHOD_MATCH = YES;
				CODE_SIGN_IDENTITY = "iPhone Developer";
				COPY_PHASE_STRIP = NO;
				DEBUG_INFORMATION_FORMAT = "dwarf-with-dsym";
				ENABLE_NS_ASSERTIONS = NO;
				ENABLE_STRICT_OBJC_MSGSEND = YES;
				GCC_C_LANGUAGE_STANDARD = gnu11;
				GCC_NO_COMMON_BLOCKS = YES;
				GCC_PREPROCESSOR_DEFINITIONS = "RELEASE=1";
				GCC_WARN_64_TO_32_BIT_CONVERSION = YES;
				GCC_WARN_ABOUT_RETURN_TYPE = YES_ERROR;
				GCC_WARN_UNDECLARED_SELECTOR = YES;
				GCC_WARN_UNINITIALIZED_AUTOS = YES_AGGRESSIVE;
				GCC_WARN_UNUSED_FUNCTION = YES;
				GCC_WARN_UNUSED_VARIABLE = YES;
				IPHONEOS_DEPLOYMENT_TARGET = 11.4;
				MTL_ENABLE_DEBUG_INFO = NO;
				SDKROOT = iphoneos;
				SWIFT_COMPILATION_MODE = wholemodule;
				SWIFT_OPTIMIZATION_LEVEL = "-O";
				VALIDATE_PRODUCT = YES;
			};
			name = Release;
		};
		26F762B0212AE708001A8435 /* Debug */ = {
			isa = XCBuildConfiguration;
			baseConfigurationReference = 7680DBAA2712228F177FCDFE /* Pods-DdDd.debug.xcconfig */;
			buildSettings = {
				ALWAYS_EMBED_SWIFT_STANDARD_LIBRARIES = YES;
				ASSETCATALOG_COMPILER_APPICON_NAME = AppIcon;
				CODE_SIGN_STYLE = Automatic;
				DEVELOPMENT_TEAM = 6BQ9D3YQW4;
				GCC_PREFIX_HEADER = /Users/wubaolai/Develop/Study/DdDd/src/DdDd/DdDd/Core/PrefixHeader.pch;
				INFOPLIST_FILE = DdDd/Info.plist;
				IPHONEOS_DEPLOYMENT_TARGET = 11.3;
				LD_RUNPATH_SEARCH_PATHS = (
					"$(inherited)",
					"@executable_path/Frameworks",
				);
				PRODUCT_BUNDLE_IDENTIFIER = dd.DdDd;
				PRODUCT_NAME = "$(TARGET_NAME)";
				SWIFT_VERSION = 4.0;
				TARGETED_DEVICE_FAMILY = "1,2";
			};
			name = Debug;
		};
		26F762B1212AE708001A8435 /* Release */ = {
			isa = XCBuildConfiguration;
			baseConfigurationReference = C5F7FCA5AE674237B96C5B81 /* Pods-DdDd.release.xcconfig */;
			buildSettings = {
				ALWAYS_EMBED_SWIFT_STANDARD_LIBRARIES = YES;
				ASSETCATALOG_COMPILER_APPICON_NAME = AppIcon;
				CODE_SIGN_STYLE = Automatic;
				DEVELOPMENT_TEAM = 6BQ9D3YQW4;
				GCC_PREFIX_HEADER = /Users/wubaolai/Develop/Study/DdDd/src/DdDd/DdDd/Core/PrefixHeader.pch;
				INFOPLIST_FILE = DdDd/Info.plist;
				IPHONEOS_DEPLOYMENT_TARGET = 11.3;
				LD_RUNPATH_SEARCH_PATHS = (
					"$(inherited)",
					"@executable_path/Frameworks",
				);
				PRODUCT_BUNDLE_IDENTIFIER = dd.DdDd;
				PRODUCT_NAME = "$(TARGET_NAME)";
				SWIFT_VERSION = 4.0;
				TARGETED_DEVICE_FAMILY = "1,2";
			};
			name = Release;
		};
		26F762B3212AE708001A8435 /* Debug */ = {
			isa = XCBuildConfiguration;
			buildSettings = {
				ALWAYS_EMBED_SWIFT_STANDARD_LIBRARIES = YES;
				BUNDLE_LOADER = "$(TEST_HOST)";
				CODE_SIGN_STYLE = Automatic;
				INFOPLIST_FILE = DdDdTests/Info.plist;
				LD_RUNPATH_SEARCH_PATHS = (
					"$(inherited)",
					"@executable_path/Frameworks",
					"@loader_path/Frameworks",
				);
				PRODUCT_BUNDLE_IDENTIFIER = dd.DdDdTests;
				PRODUCT_NAME = "$(TARGET_NAME)";
				SWIFT_VERSION = 4.0;
				TARGETED_DEVICE_FAMILY = "1,2";
				TEST_HOST = "$(BUILT_PRODUCTS_DIR)/DdDd.app/DdDd";
			};
			name = Debug;
		};
		26F762B4212AE708001A8435 /* Release */ = {
			isa = XCBuildConfiguration;
			buildSettings = {
				ALWAYS_EMBED_SWIFT_STANDARD_LIBRARIES = YES;
				BUNDLE_LOADER = "$(TEST_HOST)";
				CODE_SIGN_STYLE = Automatic;
				INFOPLIST_FILE = DdDdTests/Info.plist;
				LD_RUNPATH_SEARCH_PATHS = (
					"$(inherited)",
					"@executable_path/Frameworks",
					"@loader_path/Frameworks",
				);
				PRODUCT_BUNDLE_IDENTIFIER = dd.DdDdTests;
				PRODUCT_NAME = "$(TARGET_NAME)";
				SWIFT_VERSION = 4.0;
				TARGETED_DEVICE_FAMILY = "1,2";
				TEST_HOST = "$(BUILT_PRODUCTS_DIR)/DdDd.app/DdDd";
			};
			name = Release;
		};
		26F762B6212AE708001A8435 /* Debug */ = {
			isa = XCBuildConfiguration;
			buildSettings = {
				ALWAYS_EMBED_SWIFT_STANDARD_LIBRARIES = YES;
				CODE_SIGN_STYLE = Automatic;
				INFOPLIST_FILE = DdDdUITests/Info.plist;
				LD_RUNPATH_SEARCH_PATHS = (
					"$(inherited)",
					"@executable_path/Frameworks",
					"@loader_path/Frameworks",
				);
				PRODUCT_BUNDLE_IDENTIFIER = dd.DdDdUITests;
				PRODUCT_NAME = "$(TARGET_NAME)";
				SWIFT_VERSION = 4.0;
				TARGETED_DEVICE_FAMILY = "1,2";
				TEST_TARGET_NAME = DdDd;
			};
			name = Debug;
		};
		26F762B7212AE708001A8435 /* Release */ = {
			isa = XCBuildConfiguration;
			buildSettings = {
				ALWAYS_EMBED_SWIFT_STANDARD_LIBRARIES = YES;
				CODE_SIGN_STYLE = Automatic;
				INFOPLIST_FILE = DdDdUITests/Info.plist;
				LD_RUNPATH_SEARCH_PATHS = (
					"$(inherited)",
					"@executable_path/Frameworks",
					"@loader_path/Frameworks",
				);
				PRODUCT_BUNDLE_IDENTIFIER = dd.DdDdUITests;
				PRODUCT_NAME = "$(TARGET_NAME)";
				SWIFT_VERSION = 4.0;
				TARGETED_DEVICE_FAMILY = "1,2";
				TEST_TARGET_NAME = DdDd;
			};
			name = Release;
		};
/* End XCBuildConfiguration section */

/* Begin XCConfigurationList section */
		264C31CA213D4E710063DFFD /* Build configuration list for PBXNativeTarget "Log" */ = {
			isa = XCConfigurationList;
			buildConfigurations = (
				264C31CB213D4E710063DFFD /* Debug */,
				264C31CC213D4E710063DFFD /* Release */,
				26720A7821426B1F006BDE1A /* Distribution */,
			);
			defaultConfigurationIsVisible = 0;
			defaultConfigurationName = Release;
		};
		264C31CD213D4E710063DFFD /* Build configuration list for PBXNativeTarget "LogTests" */ = {
			isa = XCConfigurationList;
			buildConfigurations = (
				264C31CE213D4E710063DFFD /* Debug */,
				264C31CF213D4E710063DFFD /* Release */,
				26720A7921426B1F006BDE1A /* Distribution */,
			);
			defaultConfigurationIsVisible = 0;
			defaultConfigurationName = Release;
		};
		266D2361212D4C6900157BCB /* Build configuration list for PBXNativeTarget "Shared" */ = {
			isa = XCConfigurationList;
			buildConfigurations = (
				266D2362212D4C6900157BCB /* Debug */,
				266D2363212D4C6900157BCB /* Release */,
				26720A7721426B1F006BDE1A /* Distribution */,
			);
			defaultConfigurationIsVisible = 0;
			defaultConfigurationName = Release;
		};
		26F76282212AE706001A8435 /* Build configuration list for PBXProject "DdDd" */ = {
			isa = XCConfigurationList;
			buildConfigurations = (
				26F762AD212AE708001A8435 /* Debug */,
				26F762AE212AE708001A8435 /* Release */,
				26720A7321426B1F006BDE1A /* Distribution */,
			);
			defaultConfigurationIsVisible = 0;
			defaultConfigurationName = Release;
		};
		26F762AF212AE708001A8435 /* Build configuration list for PBXNativeTarget "DdDd" */ = {
			isa = XCConfigurationList;
			buildConfigurations = (
				26F762B0212AE708001A8435 /* Debug */,
				26F762B1212AE708001A8435 /* Release */,
				26720A7421426B1F006BDE1A /* Distribution */,
			);
			defaultConfigurationIsVisible = 0;
			defaultConfigurationName = Release;
		};
		26F762B2212AE708001A8435 /* Build configuration list for PBXNativeTarget "DdDdTests" */ = {
			isa = XCConfigurationList;
			buildConfigurations = (
				26F762B3212AE708001A8435 /* Debug */,
				26F762B4212AE708001A8435 /* Release */,
				26720A7521426B1F006BDE1A /* Distribution */,
			);
			defaultConfigurationIsVisible = 0;
			defaultConfigurationName = Release;
		};
		26F762B5212AE708001A8435 /* Build configuration list for PBXNativeTarget "DdDdUITests" */ = {
			isa = XCConfigurationList;
			buildConfigurations = (
				26F762B6212AE708001A8435 /* Debug */,
				26F762B7212AE708001A8435 /* Release */,
				26720A7621426B1F006BDE1A /* Distribution */,
			);
			defaultConfigurationIsVisible = 0;
			defaultConfigurationName = Release;
		};
/* End XCConfigurationList section */
	};
	rootObject = 26F7627F212AE706001A8435 /* Project object */;
}
